# This file is automatically @generated by Cargo.
# It is not intended for manual editing.
version = 3

[[package]]
name = "adler"
version = "1.0.2"
source = "registry+https://github.com/rust-lang/crates.io-index"
checksum = "f26201604c87b1e01bd3d98f8d5d9a8fcbb815e8cedb41ffccbeb4bf593a35fe"

[[package]]
name = "beryllium"
version = "0.12.3"
source = "registry+https://github.com/rust-lang/crates.io-index"
checksum = "01744819cb0616fe75c3f3faf9f6a34a762aaf7146e026f89ef096594abc0edd"
dependencies = [
 "bytemuck",
 "fermium",
 "objc",
 "zstring",
]

[[package]]
name = "bitfrob"
version = "1.3.0"
source = "registry+https://github.com/rust-lang/crates.io-index"
checksum = "ac2c1f402eb12f7f7ee49f89f5528068960f1ae15ca27a336c611cd8e8b1a63b"

[[package]]
name = "bool32"
version = "0.1.1"
source = "registry+https://github.com/rust-lang/crates.io-index"
checksum = "e8459737325e57ad10b38dc1af42f9228005dd6a3e9f43bdd76c8ceb6e9c46fc"

[[package]]
name = "bytemuck"
version = "1.13.1"
source = "registry+https://github.com/rust-lang/crates.io-index"
checksum = "17febce684fd15d89027105661fec94afb475cb995fbc59d2865198446ba2eea"
dependencies = [
 "bytemuck_derive",
]

[[package]]
name = "bytemuck_derive"
version = "1.4.1"
source = "registry+https://github.com/rust-lang/crates.io-index"
checksum = "fdde5c9cd29ebd706ce1b35600920a33550e402fc998a2e53ad3b42c3c47a192"
dependencies = [
 "proc-macro2",
 "quote",
 "syn",
]

[[package]]
name = "chlorine"
version = "1.0.10"
source = "registry+https://github.com/rust-lang/crates.io-index"
checksum = "75476fe966a8af7c0ceae2a3e514afa87d4451741fcdfab8bfaa07ad301842ec"

[[package]]
name = "fast-srgb8"
version = "1.0.0"
source = "registry+https://github.com/rust-lang/crates.io-index"
checksum = "dd2e7510819d6fbf51a5545c8f922716ecfb14df168a3242f7d33e0239efe6a1"

[[package]]
name = "fermium"
version = "22604.0.1"
source = "registry+https://github.com/rust-lang/crates.io-index"
checksum = "12b739044a97bca11861823eb5ba76e2c093e6f075661009f46b7de2d8ca3f53"
dependencies = [
 "bool32",
 "raw_vulkan_handle",
]

[[package]]
name = "gl33"
version = "0.2.1"
source = "registry+https://github.com/rust-lang/crates.io-index"
checksum = "29b2b7ada5ed872363f5d27e54e7cae69148cb5e4d05aa3cac1a40c30519bda3"
dependencies = [
 "chlorine",
]

[[package]]
name = "imagine"
version = "0.5.1"
source = "registry+https://github.com/rust-lang/crates.io-index"
checksum = "bf85c15d4d94c8010e148170c2d858df56e1c1a333ce18f4e6cbee568839401f"
dependencies = [
 "bitfrob",
 "bytemuck",
 "miniz_oxide",
 "pack1",
 "pixel_formats",
 "png_filters",
]

[[package]]
name = "libc"
version = "0.2.142"
source = "registry+https://github.com/rust-lang/crates.io-index"
checksum = "6a987beff54b60ffa6d51982e1aa1146bc42f19bd26be28b0586f252fccf5317"

[[package]]
name = "malloc_buf"
version = "0.0.6"
source = "registry+https://github.com/rust-lang/crates.io-index"
checksum = "62bb907fe88d54d8d9ce32a3cceab4218ed2f6b7d35617cafe9adf84e43919cb"
dependencies = [
 "libc",
]

[[package]]
name = "miniz_oxide"
version = "0.7.1"
source = "registry+https://github.com/rust-lang/crates.io-index"
checksum = "e7810e0be55b428ada41041c41f32c9f1a42817901b4ccf45fa3d4b6561e74c7"
dependencies = [
 "adler",
]

[[package]]
name = "objc"
version = "0.2.7"
source = "registry+https://github.com/rust-lang/crates.io-index"
checksum = "915b1b472bc21c53464d6c8461c9d3af805ba1ef837e1cac254428f4a77177b1"
dependencies = [
 "malloc_buf",
]

[[package]]
name = "pack1"
version = "0.1.1"
source = "registry+https://github.com/rust-lang/crates.io-index"
checksum = "5568af3dc8bdfbb04aa225e703b1aa44f2e6c61b54b3173521687e32e96628ef"
dependencies = [
 "bytemuck",
]

[[package]]
name = "pixel_formats"
version = "0.1.5"
source = "registry+https://github.com/rust-lang/crates.io-index"
checksum = "78312b2e968960ded35c4e5f6ef6b00ec47dcb254f3abb725b1d08c6d44198fd"
dependencies = [
 "bitfrob",
 "bytemuck",
 "fast-srgb8",
]

[[package]]
name = "png_filters"
version = "0.1.1"
source = "registry+https://github.com/rust-lang/crates.io-index"
checksum = "3266558217575a36261386614ecb678fb5b60e0f95225475232b1d05bde1faa5"

[[package]]
name = "proc-macro2"
version = "1.0.56"
source = "registry+https://github.com/rust-lang/crates.io-index"
checksum = "2b63bdb0cd06f1f4dedf69b254734f9b45af66e4a031e42a7480257d9898b435"
dependencies = [
 "unicode-ident",
]

[[package]]
name = "ptr_iter"
version = "0.1.1"
source = "registry+https://github.com/rust-lang/crates.io-index"
checksum = "331cd2c60ff9d3f52f319b935028b91be5fadb93ca413f408747d91dca3aff28"

[[package]]
name = "quote"
version = "1.0.26"
source = "registry+https://github.com/rust-lang/crates.io-index"
checksum = "4424af4bf778aae2051a77b60283332f386554255d722233d09fbfc7e30da2fc"
dependencies = [
 "proc-macro2",
]

[[package]]
name = "raw_vulkan_handle"
version = "0.1.1"
source = "registry+https://github.com/rust-lang/crates.io-index"
checksum = "23dbf645f0376dccfbdfbb666545f389d8f836fb3607d9ba9fd8e652035ee4b2"

[[package]]
name = "syn"
version = "2.0.15"
source = "registry+https://github.com/rust-lang/crates.io-index"
checksum = "a34fcf3e8b60f57e6a14301a2e916d323af98b0ea63c599441eec8558660c822"
dependencies = [
 "proc-macro2",
 "quote",
 "unicode-ident",
]

[[package]]
name = "tetris-rs"
version = "0.1.0"
dependencies = [
 "beryllium",
 "bytemuck",
 "gl33",
 "imagine",
]

[[package]]
name = "unicode-ident"
version = "1.0.8"
source = "registry+https://github.com/rust-lang/crates.io-index"
checksum = "e5464a87b239f13a63a501f2701565754bae92d243d4bb7eb12f6d57d2269bf4"

[[package]]
name = "zstring"
version = "0.2.4"
source = "registry+https://github.com/rust-lang/crates.io-index"
checksum = "2d64ee5f783fceb29945c98a527108dc9f940fc6c339337f6f939f325e25bc68"
dependencies = [
 "ptr_iter",
]
